
Microsoft Visual Studio Solution File, Format Version 12.00
# Visual Studio 15
VisualStudioVersion = 15.0.27130.2010
MinimumVisualStudioVersion = 10.0.40219.1
Project("{FAE04EC0-301F-11D3-BF4B-00C04F79EFBC}") = "Depth-In-C", "Depth-In-C\Depth-In-C.csproj", "{005AFD4B-E0A6-4F8F-8819-EF1B2CE51092}"
EndProject
Project("{FAE04EC0-301F-11D3-BF4B-00C04F79EFBC}") = "01-基础知识", "01-基础知识\01-基础知识.csproj", "{1A041E60-E316-4ECD-8FDD-1856918E7392}"
EndProject
Global
	GlobalSection(SolutionConfigurationPlatforms) = preSolution
		Debug|Any CPU = Debug|Any CPU
		Release|Any CPU = Release|Any CPU
	EndGlobalSection
	GlobalSection(ProjectConfigurationPlatforms) = postSolution
		{005AFD4B-E0A6-4F8F-8819-EF1B2CE51092}.Debug|Any CPU.ActiveCfg = Debug|Any CPU
		{005AFD4B-E0A6-4F8F-8819-EF1B2CE51092}.Debug|Any CPU.Build.0 = Debug|Any CPU
		{005AFD4B-E0A6-4F8F-8819-EF1B2CE51092}.Release|Any CPU.ActiveCfg = Release|Any CPU
		{005AFD4B-E0A6-4F8F-8819-EF1B2CE51092}.Release|Any CPU.Build.0 = Release|Any CPU
		{1A041E60-E316-4ECD-8FDD-1856918E7392}.Debug|Any CPU.ActiveCfg = Debug|Any CPU
		{1A041E60-E316-4ECD-8FDD-1856918E7392}.Debug|Any CPU.Build.0 = Debug|Any CPU
		{1A041E60-E316-4ECD-8FDD-1856918E7392}.Release|Any CPU.ActiveCfg = Release|Any CPU
		{1A041E60-E316-4ECD-8FDD-1856918E7392}.Release|Any CPU.Build.0 = Release|Any CPU
	EndGlobalSection
	GlobalSection(SolutionProperties) = preSolution
		HideSolutionNode = FALSE
	EndGlobalSection
	GlobalSection(ExtensibilityGlobals) = postSolution
		SolutionGuid = {CC89B14A-4ECF-4A6A-841E-27C715E67067}
	EndGlobalSection
EndGlobal
